// !$*UTF8*$!
{
	archiveVersion = 1;
	classes = {
	};
	objectVersion = 46;
	objects = {

/* Begin PBXBuildFile section */
		F1D869E71DE55EB3009F7852 /* AppDelegate.swift in Sources */ = {isa = PBXBuildFile; fileRef = F1D869E61DE55EB3009F7852 /* AppDelegate.swift */; };
		F1D869E91DE55EB3009F7852 /* ViewController.swift in Sources */ = {isa = PBXBuildFile; fileRef = F1D869E81DE55EB3009F7852 /* ViewController.swift */; };
		F1D869EC1DE55EB3009F7852 /* Main.storyboard in Resources */ = {isa = PBXBuildFile; fileRef = F1D869EA1DE55EB3009F7852 /* Main.storyboard */; };
		F1D869EE1DE55EB4009F7852 /* Assets.xcassets in Resources */ = {isa = PBXBuildFile; fileRef = F1D869ED1DE55EB4009F7852 /* Assets.xcassets */; };
		F1D869F11DE55EB4009F7852 /* LaunchScreen.storyboard in Resources */ = {isa = PBXBuildFile; fileRef = F1D869EF1DE55EB4009F7852 /* LaunchScreen.storyboard */; };
/* End PBXBuildFile section */

/* Begin PBXFileReference section */
		F1D869E31DE55EB2009F7852 /* boundingrectwithsizeDemo.app */ = {isa = PBXFileReference; explicitFileType = wrapper.application; includeInIndex = 0; path = boundingrectwithsizeDemo.app; sourceTree = BUILT_PRODUCTS_DIR; };
		F1D869E61DE55EB3009F7852 /* AppDelegate.swift */ = {isa = PBXFileReference; lastKnownFileType = sourcecode.swift; path = AppDelegate.swift; sourceTree = "<group>"; };
		F1D869E81DE55EB3009F7852 /* ViewController.swift */ = {isa = PBXFileReference; lastKnownFileType = sourcecode.swift; path = ViewController.swift; sourceTree = "<group>"; };
		F1D869EB1DE55EB3009F7852 /* Base */ = {isa = PBXFileReference; lastKnownFileType = file.storyboard; name = Base; path = Base.lproj/Main.storyboard; sourceTree = "<group>"; };
		F1D869ED1DE55EB4009F7852 /* Assets.xcassets */ = {isa = PBXFileReference; lastKnownFileType = folder.assetcatalog; path = Assets.xcassets; sourceTree = "<group>"; };
		F1D869F01DE55EB4009F7852 /* Base */ = {isa = PBXFileReference; lastKnownFileType = file.storyboard; name = Base; path = Base.lproj/LaunchScreen.storyboard; sourceTree = "<group>"; };
		F1D869F21DE55EB5009F7852 /* Info.plist */ = {isa = PBXFileReference; lastKnownFileType = text.plist.xml; path = Info.plist; sourceTree = "<group>"; };
/* End PBXFileReference section */

/* Begin PBXFrameworksBuildPhase section */
		F1D869E01DE55EB2009F7852 /* Frameworks */ = {
			isa = PBXFrameworksBuildPhase;
			buildActionMask = 2147483647;
			files = (
			);
			runOnlyForDeploymentPostprocessing = 0;
		};
/* End PBXFrameworksBuildPhase section */

/* Begin PBXGroup section */
		F1D869DA1DE55EB2009F7852 = {
			isa = PBXGroup;
			children = (
				F1D869E51DE55EB2009F7852 /* boundingrectwithsizeDemo */,
				F1D869E41DE55EB2009F7852 /* Products */,
			);
			sourceTree = "<group>";
		};
		F1D869E41DE55EB2009F7852 /* Products */ = {
			isa = PBXGroup;
			children = (
				F1D869E31DE55EB2009F7852 /* boundingrectwithsizeDemo.app */,
			);
			name = Products;
			sourceTree = "<group>";
		};
		F1D869E51DE55EB2009F7852 /* boundingrectwithsizeDemo */ = {
			isa = PBXGroup;
			children = (
				F1D869E61DE55EB3009F7852 /* AppDelegate.swift */,
				F1D869E81DE55EB3009F7852 /* ViewController.swift */,
				F1D869EA1DE55EB3009F7852 /* Main.storyboard */,
				F1D869ED1DE55EB4009F7852 /* Assets.xcassets */,
				F1D869EF1DE55EB4009F7852 /* LaunchScreen.storyboard */,
				F1D869F21DE55EB5009F7852 /* Info.plist */,
			);
			path = boundingrectwithsizeDemo;
			sourceTree = "<group>";
		};
/* End PBXGroup section */

/* Begin PBXNativeTarget section */
		F1D869E21DE55EB2009F7852 /* boundingrectwithsizeDemo */ = {
			isa = PBXNativeTarget;
			buildConfigurationList = F1D869F51DE55EB5009F7852 /* Build configuration list for PBXNativeTarget "boundingrectwithsizeDemo" */;
			buildPhases = (
				F1D869DF1DE55EB2009F7852 /* Sources */,
				F1D869E01DE55EB2009F7852 /* Frameworks */,
				F1D869E11DE55EB2009F7852 /* Resources */,
			);
			buildRules = (
			);
			dependencies = (
			);
			name = boundingrectwithsizeDemo;
			productName = boundingrectwithsizeDemo;
			productReference = F1D869E31DE55EB2009F7852 /* boundingrectwithsizeDemo.app */;
			productType = "com.apple.product-type.application";
		};
/* End PBXNativeTarget section */

/* Begin PBXProject section */
		F1D869DB1DE55EB2009F7852 /* Project object */ = {
			isa = PBXProject;
			attributes = {
				LastSwiftUpdateCheck = 0810;
				LastUpgradeCheck = 0810;
				ORGANIZATIONNAME = test;
				TargetAttributes = {
					F1D869E21DE55EB2009F7852 = {
						CreatedOnToolsVersion = 8.1;
						DevelopmentTeam = 3JQ4JQAX4C;
						ProvisioningStyle = Automatic;
					};
				};
			};
			buildConfigurationList = F1D869DE1DE55EB2009F7852 /* Build configuration list for PBXProject "boundingrectwithsizeDemo" */;
			compatibilityVersion = "Xcode 3.2";
			developmentRegion = English;
			hasScannedForEncodings = 0;
			knownRegions = (
				en,
				Base,
			);
			mainGroup = F1D869DA1DE55EB2009F7852;
			productRefGroup = F1D869E41DE55EB2009F7852 /* Products */;
			projectDirPath = "";
			projectRoot = "";
			targets = (
				F1D869E21DE55EB2009F7852 /* boundingrectwithsizeDemo */,
			);
		};
/* End PBXProject section */

/* Begin PBXResourcesBuildPhase section */
		F1D869E11DE55EB2009F7852 /* Resources */ = {
			isa = PBXResourcesBuildPhase;
			buildActionMask = 2147483647;
			files = (
				F1D869F11DE55EB4009F7852 /* LaunchScreen.storyboard in Resources */,
				F1D869EE1DE55EB4009F7852 /* Assets.xcassets in Resources */,
				F1D869EC1DE55EB3009F7852 /* Main.storyboard in Resources */,
			);
			runOnlyForDeploymentPostprocessing = 0;
		};
/* End PBXResourcesBuildPhase section */

/* Begin PBXSourcesBuildPhase section */
		F1D869DF1DE55EB2009F7852 /* Sources */ = {
			isa = PBXSourcesBuildPhase;
			buildActionMask = 2147483647;
			files = (
				F1D869E91DE55EB3009F7852 /* ViewController.swift in Sources */,
				F1D869E71DE55EB3009F7852 /* AppDelegate.swift in Sources */,
			);
			runOnlyForDeploymentPostprocessing = 0;
		};
/* End PBXSourcesBuildPhase section */

/* Begin PBXVariantGroup section */
		F1D869EA1DE55EB3009F7852 /* Main.storyboard */ = {
			isa = PBXVariantGroup;
			children = (
				F1D869EB1DE55EB3009F7852 /* Base */,
			);
			name = Main.storyboard;
			sourceTree = "<group>";
		};
		F1D869EF1DE55EB4009F7852 /* LaunchScreen.storyboard */ = {
			isa = PBXVariantGroup;
			children = (
				F1D869F01DE55EB4009F7852 /* Base */,
			);
			name = LaunchScreen.storyboard;
			sourceTree = "<group>";
		};
/* End PBXVariantGroup section */

/* Begin XCBuildConfiguration section */
		F1D869F31DE55EB5009F7852 /* Debug */ = {
			isa = XCBuildConfiguration;
			buildSettings = {
				ALWAYS_SEARCH_USER_PATHS = NO;
				CLANG_ANALYZER_NONNULL = YES;
				CLANG_CXX_LANGUAGE_STANDARD = "gnu++0x";
				CLANG_CXX_LIBRARY = "libc++";
				CLANG_ENABLE_MODULES = YES;
				CLANG_ENABLE_OBJC_ARC = YES;
				CLANG_WARN_BOOL_CONVERSION = YES;
				CLANG_WARN_CONSTANT_CONVERSION = YES;
				CLANG_WARN_DIRECT_OBJC_ISA_USAGE = YES_ERROR;
				CLANG_WARN_DOCUMENTATION_COMMENTS = YES;
				CLANG_WARN_EMPTY_BODY = YES;
				CLANG_WARN_ENUM_CONVERSION = YES;
				CLANG_WARN_INFINITE_RECURSION = YES;
				CLANG_WARN_INT_CONVERSION = YES;
				CLANG_WARN_OBJC_ROOT_CLASS = YES_ERROR;
				CLANG_WARN_SUSPICIOUS_MOVES = YES;
				CLANG_WARN_UNREACHABLE_CODE = YES;
				CLANG_WARN__DUPLICATE_METHOD_MATCH = YES;
				"CODE_SIGN_IDENTITY[sdk=iphoneos*]" = "iPhone Developer";
				COPY_PHASE_STRIP = NO;
				DEBUG_INFORMATION_FORMAT = dwarf;
				ENABLE_STRICT_OBJC_MSGSEND = YES;
				ENABLE_TESTABILITY = YES;
				GCC_C_LANGUAGE_STANDARD = gnu99;
				GCC_DYNAMIC_NO_PIC = NO;
				GCC_NO_COMMON_BLOCKS = YES;
				GCC_OPTIMIZATION_LEVEL = 0;
				GCC_PREPROCESSOR_DEFINITIONS = (
					"DEBUG=1",
					"$(inherited)",
				);
				GCC_WARN_64_TO_32_BIT_CONVERSION = YES;
				GCC_WARN_ABOUT_RETURN_TYPE = YES_ERROR;
				GCC_WARN_UNDECLARED_SELECTOR = YES;
				GCC_WARN_UNINITIALIZED_AUTOS = YES_AGGRESSIVE;
				GCC_WARN_UNUSED_FUNCTION = YES;
				GCC_WARN_UNUSED_VARIABLE = YES;
				IPHONEOS_DEPLOYMENT_TARGET = 10.1;
				MTL_ENABLE_DEBUG_INFO = YES;
				ONLY_ACTIVE_ARCH = YES;
				SDKROOT = iphoneos;
				SWIFT_ACTIVE_COMPILATION_CONDITIONS = DEBUG;
				SWIFT_OPTIMIZATION_LEVEL = "-Onone";
			};
			name = Debug;
		};
		F1D869F41DE55EB5009F7852 /* Release */ = {
			isa = XCBuildConfiguration;
			buildSettings = {
				ALWAYS_SEARCH_USER_PATHS = NO;
				CLANG_ANALYZER_NONNULL = YES;
				CLANG_CXX_LANGUAGE_STANDARD = "gnu++0x";
				CLANG_CXX_LIBRARY = "libc++";
				CLANG_ENABLE_MODULES = YES;
				CLANG_ENABLE_OBJC_ARC = YES;
				CLANG_WARN_BOOL_CONVERSION = YES;
				CLANG_WARN_CONSTANT_CONVERSION = YES;
				CLANG_WARN_DIRECT_OBJC_ISA_USAGE = YES_ERROR;
				CLANG_WARN_DOCUMENTATION_COMMENTS = YES;
				CLANG_WARN_EMPTY_BODY = YES;
				CLANG_WARN_ENUM_CONVERSION = YES;
				CLANG_WARN_INFINITE_RECURSION = YES;
				CLANG_WARN_INT_CONVERSION = YES;
				CLANG_WARN_OBJC_ROOT_CLASS = YES_ERROR;
				CLANG_WARN_SUSPICIOUS_MOVES = YES;
				CLANG_WARN_UNREACHABLE_CODE = YES;
				CLANG_WARN__DUPLICATE_METHOD_MATCH = YES;
				"CODE_SIGN_IDENTITY[sdk=iphoneos*]" = "iPhone Developer";
				COPY_PHASE_STRIP = NO;
				DEBUG_INFORMATION_FORMAT = "dwarf-with-dsym";
				ENABLE_NS_ASSERTIONS = NO;
				ENABLE_STRICT_OBJC_MSGSEND = YES;
				GCC_C_LANGUAGE_STANDARD = gnu99;
				GCC_NO_COMMON_BLOCKS = YES;
				GCC_WARN_64_TO_32_BIT_CONVERSION = YES;
				GCC_WARN_ABOUT_RETURN_TYPE = YES_ERROR;
				GCC_WARN_UNDECLARED_SELECTOR = YES;
				GCC_WARN_UNINITIALIZED_AUTOS = YES_AGGRESSIVE;
				GCC_WARN_UNUSED_FUNCTION = YES;
				GCC_WARN_UNUSED_VARIABLE = YES;
				IPHONEOS_DEPLOYMENT_TARGET = 10.1;
				MTL_ENABLE_DEBUG_INFO = NO;
				SDKROOT = iphoneos;
				SWIFT_OPTIMIZATION_LEVEL = "-Owholemodule";
				VALIDATE_PRODUCT = YES;
			};
			name = Release;
		};
		F1D869F61DE55EB5009F7852 /* Debug */ = {
			isa = XCBuildConfiguration;
			buildSettings = {
				ASSETCATALOG_COMPILER_APPICON_NAME = AppIcon;
				DEVELOPMENT_TEAM = 3JQ4JQAX4C;
				INFOPLIST_FILE = boundingrectwithsizeDemo/Info.plist;
				LD_RUNPATH_SEARCH_PATHS = "$(inherited) @executable_path/Frameworks";
				PRODUCT_BUNDLE_IDENTIFIER = com.demo.boundingrectwithsizeDemo;
				PRODUCT_NAME = "$(TARGET_NAME)";
				SWIFT_VERSION = 3.0;
			};
			name = Debug;
		};
		F1D869F71DE55EB5009F7852 /* Release */ = {
			isa = XCBuildConfiguration;
			buildSettings = {
				ASSETCATALOG_COMPILER_APPICON_NAME = AppIcon;
				DEVELOPMENT_TEAM = 3JQ4JQAX4C;
				INFOPLIST_FILE = boundingrectwithsizeDemo/Info.plist;
				LD_RUNPATH_SEARCH_PATHS = "$(inherited) @executable_path/Frameworks";
				PRODUCT_BUNDLE_IDENTIFIER = com.demo.boundingrectwithsizeDemo;
				PRODUCT_NAME = "$(TARGET_NAME)";
				SWIFT_VERSION = 3.0;
			};
			name = Release;
		};
/* End XCBuildConfiguration section */

/* Begin XCConfigurationList section */
		F1D869DE1DE55EB2009F7852 /* Build configuration list for PBXProject "boundingrectwithsizeDemo" */ = {
			isa = XCConfigurationList;
			buildConfigurations = (
				F1D869F31DE55EB5009F7852 /* Debug */,
				F1D869F41DE55EB5009F7852 /* Release */,
			);
			defaultConfigurationIsVisible = 0;
			defaultConfigurationName = Release;
		};
		F1D869F51DE55EB5009F7852 /* Build configuration list for PBXNativeTarget "boundingrectwithsizeDemo" */ = {
			isa = XCConfigurationList;
			buildConfigurations = (
				F1D869F61DE55EB5009F7852 /* Debug */,
				F1D869F71DE55EB5009F7852 /* Release */,
			);
			defaultConfigurationIsVisible = 0;
		};
/* End XCConfigurationList section */
	};
	rootObject = F1D869DB1DE55EB2009F7852 /* Project object */;
}
